# Prisma Migrate lockfile v1

20200622183353-1
20200623192320-3
20200808082130-add-forum
20200808082700-user-forum-fields
20200808095847-rename-answers-to-form-answers
20200808105813-fix-naming-in-comments
20200819235851-add-attachment-types
20200820081913-audio-duration-and-size
20200824224649-renamed-type-to-attachment-type